github.com/iyashjayesh/monigo v0.0.0-20240825101356-932c0045a1ea h1:k0JdnsOI4Co1tQWvPcK6oVMyY2S+e8bysj0oD5AzbbI=
github.com/iyashjayesh/monigo v0.0.0-20240825101356-932c0045a1ea/go.mod h1:djgB8CLHGJOxTwug4B2hq2zLoWHf9mjVInpXIPbrI2U=
golang.org/x/exp v0.0.0-20240823005443-9b4947da3948 h1:kx6Ds3MlpiUHKj7syVnbp57++8WpuKPcR5yjLBjvLEA=
golang.org/x/exp v0.0.0-20240823005443-9b4947da3948/go.mod h1:akd2r19cwCdwSwWeIdzYQGa/EZZyqcOdwWiwj5L5eKQ=
