github.com/iyashjayesh/monigo v0.0.0-20240824202226-047e547f41fb h1:7oX22wcD7YI5+bN/QYJhIUcYai2h0l/HSfoWoWdtn5E=
github.com/iyashjayesh/monigo v0.0.0-20240824202226-047e547f41fb/go.mod h1:djgB8CLHGJOxTwug4B2hq2zLoWHf9mjVInpXIPbrI2U=
golang.org/x/exp v0.0.0-20240823005443-9b4947da3948 h1:kx6Ds3MlpiUHKj7syVnbp57++8WpuKPcR5yjLBjvLEA=
golang.org/x/exp v0.0.0-20240823005443-9b4947da3948/go.mod h1:akd2r19cwCdwSwWeIdzYQGa/EZZyqcOdwWiwj5L5eKQ=
